
Microsoft Visual Studio Solution File, Format Version 12.00
# Visual Studio Version 16
VisualStudioVersion = 16.0.30406.217
MinimumVisualStudioVersion = 10.0.40219.1
Project("{FAE04EC0-301F-11D3-BF4B-00C04F79EFBC}") = "PromotionEngineBL", "PromotionEngineBL\PromotionEngineBL.csproj", "{01BF647B-7C5A-4064-9C96-DED4EFF2EE8B}"
EndProject
Project("{FAE04EC0-301F-11D3-BF4B-00C04F79EFBC}") = "PromotionEngineBLTest", "PromotionEngineBLTest\PromotionEngineBLTest.csproj", "{B5AB41D8-9A4D-4AB4-9297-931C78DB24C4}"
EndProject
Global
	GlobalSection(SolutionConfigurationPlatforms) = preSolution
		Debug|Any CPU = Debug|Any CPU
		Release|Any CPU = Release|Any CPU
	EndGlobalSection
	GlobalSection(ProjectConfigurationPlatforms) = postSolution
		{01BF647B-7C5A-4064-9C96-DED4EFF2EE8B}.Debug|Any CPU.ActiveCfg = Debug|Any CPU
		{01BF647B-7C5A-4064-9C96-DED4EFF2EE8B}.Debug|Any CPU.Build.0 = Debug|Any CPU
		{01BF647B-7C5A-4064-9C96-DED4EFF2EE8B}.Release|Any CPU.ActiveCfg = Release|Any CPU
		{01BF647B-7C5A-4064-9C96-DED4EFF2EE8B}.Release|Any CPU.Build.0 = Release|Any CPU
		{B5AB41D8-9A4D-4AB4-9297-931C78DB24C4}.Debug|Any CPU.ActiveCfg = Debug|Any CPU
		{B5AB41D8-9A4D-4AB4-9297-931C78DB24C4}.Debug|Any CPU.Build.0 = Debug|Any CPU
		{B5AB41D8-9A4D-4AB4-9297-931C78DB24C4}.Release|Any CPU.ActiveCfg = Release|Any CPU
		{B5AB41D8-9A4D-4AB4-9297-931C78DB24C4}.Release|Any CPU.Build.0 = Release|Any CPU
	EndGlobalSection
	GlobalSection(SolutionProperties) = preSolution
		HideSolutionNode = FALSE
	EndGlobalSection
	GlobalSection(ExtensibilityGlobals) = postSolution
		SolutionGuid = {AEC10F60-C69F-41BB-8698-A6467D28E744}
	EndGlobalSection
EndGlobal
